{
  "name": "pouchdb-repository",
  "version": "0.0.1",
  "lockfileVersion": 1,
  "requires": true,
  "dependencies": {
    "@types/debug": {
      "version": "4.1.5",
      "resolved": "https://registry.npmjs.org/@types/debug/-/debug-4.1.5.tgz",
      "integrity": "sha512-Q1y515GcOdTHgagaVFhHnIFQ38ygs/kmxdNpvpou+raI9UO3YZcHDngBSYKQklcKlvA7iuQlmIKbzvmxcOE9CQ==",
      "dev": true
    },
    "@types/node": {
      "version": "14.0.13",
      "resolved": "https://registry.npmjs.org/@types/node/-/node-14.0.13.tgz",
      "integrity": "sha512-rouEWBImiRaSJsVA+ITTFM6ZxibuAlTuNOCyxVbwreu6k6+ujs7DfnU9o+PShFhET78pMBl3eH+AGSI5eOTkPA==",
      "dev": true
    },
    "@types/node-fetch": {
      "version": "2.5.7",
      "resolved": "https://registry.npmjs.org/@types/node-fetch/-/node-fetch-2.5.7.tgz",
      "integrity": "sha512-o2WVNf5UhWRkxlf6eq+jMZDu7kjgpgJfl4xVNlvryc95O/6F2ld8ztKX+qu+Rjyet93WAWm5LjeX9H5FGkODvw==",
      "dev": true,
      "requires": {
        "@types/node": "*",
        "form-data": "^3.0.0"
      }
    },
    "@types/pouchdb-core": {
      "version": "7.0.6",
      "resolved": "https://registry.npmjs.org/@types/pouchdb-core/-/pouchdb-core-7.0.6.tgz",
      "integrity": "sha512-MCTtOA3buNN+YVkCWFaojWzP6SsESLRp5uXtXcZE8aUm8RNM/hrVun+RVmzP4NTIGBjKQgO9U9X/bTd9k0jsXA==",
      "dev": true,
      "requires": {
        "@types/debug": "*",
        "@types/node-fetch": "*",
        "@types/pouchdb-find": "*"
      }
    },
    "@types/pouchdb-find": {
      "version": "6.3.5",
      "resolved": "https://registry.npmjs.org/@types/pouchdb-find/-/pouchdb-find-6.3.5.tgz",
      "integrity": "sha512-YvtUQyi1xmPcx/I7AAWVpaX2uIWCnY9c0MvNyCcHOtdgPj2iG8d4tEZHmD2LJ9wvKoz4f+KV9LPeo6/BnsF22Q==",
      "dev": true,
      "requires": {
        "@types/pouchdb-core": "*"
      }
    },
    "@types/uuid": {
      "version": "8.0.0",
      "resolved": "https://registry.npmjs.org/@types/uuid/-/uuid-8.0.0.tgz",
      "integrity": "sha512-xSQfNcvOiE5f9dyd4Kzxbof1aTrLobL278pGLKOZI6esGfZ7ts9Ka16CzIN6Y8hFHE1C7jIBZokULhK1bOgjRw==",
      "dev": true
    },
    "abort-controller": {
      "version": "3.0.0",
      "resolved": "https://registry.npmjs.org/abort-controller/-/abort-controller-3.0.0.tgz",
      "integrity": "sha512-h8lQ8tacZYnR3vNQTgibj+tODHI5/+l06Au2Pcriv/Gmet0eaj4TwWH41sO9wnHDiQsEj19q0drzdWdeAHtweg==",
      "dev": true,
      "requires": {
        "event-target-shim": "^5.0.0"
      }
    },
    "argsarray": {
      "version": "0.0.1",
      "resolved": "https://registry.npmjs.org/argsarray/-/argsarray-0.0.1.tgz",
      "integrity": "sha1-bnIHtOzbObCviDA/pa4ivajfYcs=",
      "dev": true
    },
    "asynckit": {
      "version": "0.4.0",
      "resolved": "https://registry.npmjs.org/asynckit/-/asynckit-0.4.0.tgz",
      "integrity": "sha1-x57Zf380y48robyXkLzDZkdLS3k=",
      "dev": true
    },
    "buffer-from": {
      "version": "1.1.0",
      "resolved": "https://registry.npmjs.org/buffer-from/-/buffer-from-1.1.0.tgz",
      "integrity": "sha512-c5mRlguI/Pe2dSZmpER62rSCu0ryKmWddzRYsuXc50U2/g8jMOulc31VZMa4mYx31U5xsmSOpDCgH88Vl9cDGQ==",
      "dev": true
    },
    "clone-buffer": {
      "version": "1.0.0",
      "resolved": "https://registry.npmjs.org/clone-buffer/-/clone-buffer-1.0.0.tgz",
      "integrity": "sha1-4+JbIHrE5wGvch4staFnksrD3Fg=",
      "dev": true
    },
    "combined-stream": {
      "version": "1.0.8",
      "resolved": "https://registry.npmjs.org/combined-stream/-/combined-stream-1.0.8.tgz",
      "integrity": "sha512-FQN4MRfuJeHf7cBbBMJFXhKSDq+2kAArBlmRBvcvFE5BB1HZKXtSFASDhdlz9zOYwxh8lDdnvmMOe/+5cdoEdg==",
      "dev": true,
      "requires": {
        "delayed-stream": "~1.0.0"
      }
    },
    "delayed-stream": {
      "version": "1.0.0",
      "resolved": "https://registry.npmjs.org/delayed-stream/-/delayed-stream-1.0.0.tgz",
      "integrity": "sha1-3zrhmayt+31ECqrgsp4icrJOxhk=",
      "dev": true
    },
    "es6-denodeify": {
      "version": "0.1.5",
      "resolved": "https://registry.npmjs.org/es6-denodeify/-/es6-denodeify-0.1.5.tgz",
      "integrity": "sha1-MdTV/pxVA+ElRgQ5MQ4WoqPznB8=",
      "dev": true
    },
    "event-target-shim": {
      "version": "5.0.1",
      "resolved": "https://registry.npmjs.org/event-target-shim/-/event-target-shim-5.0.1.tgz",
      "integrity": "sha512-i/2XbnSz/uxRCU6+NdVJgKWDTM427+MqYbkQzD321DuCQJUqOuJKIA0IM2+W2xtYHdKOmZ4dR6fExsd4SXL+WQ==",
      "dev": true
    },
    "fetch-cookie": {
      "version": "0.7.3",
      "resolved": "https://registry.npmjs.org/fetch-cookie/-/fetch-cookie-0.7.3.tgz",
      "integrity": "sha512-rZPkLnI8x5V+zYAiz8QonAHsTb4BY+iFowFBI1RFn0zrO343AVp9X7/yUj/9wL6Ef/8fLls8b/vGtzUvmyAUGA==",
      "dev": true,
      "requires": {
        "es6-denodeify": "^0.1.1",
        "tough-cookie": "^2.3.3"
      }
    },
    "form-data": {
      "version": "3.0.0",
      "resolved": "https://registry.npmjs.org/form-data/-/form-data-3.0.0.tgz",
      "integrity": "sha512-CKMFDglpbMi6PyN+brwB9Q/GOw0eAnsrEZDgcsH5Krhz5Od/haKHAX0NmQfha2zPPz0JpWzA7GJHGSnvCRLWsg==",
      "dev": true,
      "requires": {
        "asynckit": "^0.4.0",
        "combined-stream": "^1.0.8",
        "mime-types": "^2.1.12"
      }
    },
    "immediate": {
      "version": "3.0.6",
      "resolved": "https://registry.npmjs.org/immediate/-/immediate-3.0.6.tgz",
      "integrity": "sha1-nbHb0Pr43m++D13V5Wu2BigN5ps=",
      "dev": true
    },
    "inherits": {
      "version": "2.0.4",
      "resolved": "https://registry.npmjs.org/inherits/-/inherits-2.0.4.tgz",
      "integrity": "sha512-k/vGaX4/Yla3WzyMCvTQOXYeIHvqOKtnqBduzTHpzpQZzAskKMhZ2K+EnBiSM9zGSoIFeMpXKxa4dYeZIQqewQ==",
      "dev": true
    },
    "mime-db": {
      "version": "1.44.0",
      "resolved": "https://registry.npmjs.org/mime-db/-/mime-db-1.44.0.tgz",
      "integrity": "sha512-/NOTfLrsPBVeH7YtFPgsVWveuL+4SjjYxaQ1xtM1KMFj7HdxlBlxeyNLzhyJVx7r4rZGJAZ/6lkKCitSc/Nmpg==",
      "dev": true
    },
    "mime-types": {
      "version": "2.1.27",
      "resolved": "https://registry.npmjs.org/mime-types/-/mime-types-2.1.27.tgz",
      "integrity": "sha512-JIhqnCasI9yD+SsmkquHBxTSEuZdQX5BuQnS2Vc7puQQQ+8yiP5AY5uWhpdv4YL4VM5c6iliiYWPgJ/nJQLp7w==",
      "dev": true,
      "requires": {
        "mime-db": "1.44.0"
      }
    },
    "node-fetch": {
      "version": "2.4.1",
      "resolved": "https://registry.npmjs.org/node-fetch/-/node-fetch-2.4.1.tgz",
      "integrity": "sha512-P9UbpFK87NyqBZzUuDBDz4f6Yiys8xm8j7ACDbi6usvFm6KItklQUKjeoqTrYS/S1k6I8oaOC2YLLDr/gg26Mw==",
      "dev": true
    },
    "pouchdb-abstract-mapreduce": {
      "version": "7.2.1",
      "resolved": "https://registry.npmjs.org/pouchdb-abstract-mapreduce/-/pouchdb-abstract-mapreduce-7.2.1.tgz",
      "integrity": "sha512-7/6y9MssOP1RIw1O/NDjP1M3s9/899p6ab6TV7/B1ZWZuNpm/wWfu3NaUwrFLgnZbb7IaIpTG9YVx6NvZgYd8g==",
      "dev": true,
      "requires": {
        "pouchdb-binary-utils": "7.2.1",
        "pouchdb-collate": "7.2.1",
        "pouchdb-collections": "7.2.1",
        "pouchdb-errors": "7.2.1",
        "pouchdb-fetch": "7.2.1",
        "pouchdb-mapreduce-utils": "7.2.1",
        "pouchdb-md5": "7.2.1",
        "pouchdb-utils": "7.2.1"
      }
    },
    "pouchdb-binary-utils": {
      "version": "7.2.1",
      "resolved": "https://registry.npmjs.org/pouchdb-binary-utils/-/pouchdb-binary-utils-7.2.1.tgz",
      "integrity": "sha512-kbzOOYti/3d8s2bQY5EfJVd7c9E84q4oEpr1M8fOOHKnINZFteKkZQywD4roblUnew0Obyhvozif4LAr3CMZFg==",
      "dev": true,
      "requires": {
        "buffer-from": "1.1.0"
      }
    },
    "pouchdb-changes-filter": {
      "version": "7.2.1",
      "resolved": "https://registry.npmjs.org/pouchdb-changes-filter/-/pouchdb-changes-filter-7.2.1.tgz",
      "integrity": "sha512-cXrkDSIqgG3WniIHac97OzFDHnN00RL26X9t0RoTCZo7s3wZ8lCunIPWaZLu5GoaueLzkKqyaBTNISe6wK0AhQ==",
      "dev": true,
      "requires": {
        "pouchdb-errors": "7.2.1",
        "pouchdb-selector-core": "7.2.1",
        "pouchdb-utils": "7.2.1"
      }
    },
    "pouchdb-collate": {
      "version": "7.2.1",
      "resolved": "https://registry.npmjs.org/pouchdb-collate/-/pouchdb-collate-7.2.1.tgz",
      "integrity": "sha512-vE1wGPOSJy1QLpHG4Jo6c7/Fronc5zEwILP6vMw/tY3BbpRHKVFKcbdf7g1FICR1mb8WPqkSwzlQbniuNMYMGQ==",
      "dev": true
    },
    "pouchdb-collections": {
      "version": "7.2.1",
      "resolved": "https://registry.npmjs.org/pouchdb-collections/-/pouchdb-collections-7.2.1.tgz",
      "integrity": "sha512-cqe3GY3wDq2j59tnh+5ZV0bZj1O+YWiBz4qM7HEcgrEXnc29ADvXXPp71tmcpZUCR39bzLKyYtadAQu7FpOeOA==",
      "dev": true
    },
    "pouchdb-core": {
      "version": "7.2.1",
      "resolved": "https://registry.npmjs.org/pouchdb-core/-/pouchdb-core-7.2.1.tgz",
      "integrity": "sha512-YY5OJEfrLPb9eCuPmemYcFnDMVKvk3sTaROzRu3crrhN9WD0wWbVpYgRj5KleW1O9kMqfYHxi2NQ6xv9vocGRA==",
      "dev": true,
      "requires": {
        "argsarray": "0.0.1",
        "inherits": "2.0.4",
        "pouchdb-changes-filter": "7.2.1",
        "pouchdb-collections": "7.2.1",
        "pouchdb-errors": "7.2.1",
        "pouchdb-fetch": "7.2.1",
        "pouchdb-merge": "7.2.1",
        "pouchdb-utils": "7.2.1"
      }
    },
    "pouchdb-errors": {
      "version": "7.2.1",
      "resolved": "https://registry.npmjs.org/pouchdb-errors/-/pouchdb-errors-7.2.1.tgz",
      "integrity": "sha512-/tBP+eWY6a62UoZnJ6JJlNmbNpNS5FgVimkqwLMrFQkXpbJlhshYDeJ5PHR0W3Rlfc54GMZC7m4KhJt9kG/CkA==",
      "dev": true,
      "requires": {
        "inherits": "2.0.4"
      }
    },
    "pouchdb-fetch": {
      "version": "7.2.1",
      "resolved": "https://registry.npmjs.org/pouchdb-fetch/-/pouchdb-fetch-7.2.1.tgz",
      "integrity": "sha512-5P77dwl5qF6GLZk36N65RNIsCwcNX79NSmQJnnbx9KGSH2R9yuvADqPCUSAYanX0+YDWizv3BBC/0V/oe8qSGQ==",
      "dev": true,
      "requires": {
        "abort-controller": "3.0.0",
        "fetch-cookie": "0.7.3",
        "node-fetch": "2.4.1"
      }
    },
    "pouchdb-find": {
      "version": "7.2.1",
      "resolved": "https://registry.npmjs.org/pouchdb-find/-/pouchdb-find-7.2.1.tgz",
      "integrity": "sha512-cIgOJyjfHz4oKE/qpdTGODLLXcREWyAUWSBazB0YNkj4KSzZzEnKOR/L63cxEUAH09XvXd9M3a4NidNt9dVKAw==",
      "dev": true,
      "requires": {
        "pouchdb-abstract-mapreduce": "7.2.1",
        "pouchdb-collate": "7.2.1",
        "pouchdb-errors": "7.2.1",
        "pouchdb-fetch": "7.2.1",
        "pouchdb-md5": "7.2.1",
        "pouchdb-selector-core": "7.2.1",
        "pouchdb-utils": "7.2.1"
      }
    },
    "pouchdb-mapreduce-utils": {
      "version": "7.2.1",
      "resolved": "https://registry.npmjs.org/pouchdb-mapreduce-utils/-/pouchdb-mapreduce-utils-7.2.1.tgz",
      "integrity": "sha512-/7BEn9t+09PXBqQfC2mKiNkNAEOQ4OzwiEIKOIels0TRH8mCVXHjOZ4EC4526L+3aPhSxkUAkGBPbGdUJ5Sjjg==",
      "dev": true,
      "requires": {
        "argsarray": "0.0.1",
        "inherits": "2.0.4",
        "pouchdb-collections": "7.2.1",
        "pouchdb-utils": "7.2.1"
      }
    },
    "pouchdb-md5": {
      "version": "7.2.1",
      "resolved": "https://registry.npmjs.org/pouchdb-md5/-/pouchdb-md5-7.2.1.tgz",
      "integrity": "sha512-TJqGtNguctPiSai5b4+oTPi9oOcxSbNolkUtxRBxklf8kw+PNsDUi1H0DIFmA57n0qHCU19PXdbEVYlUhv/PAA==",
      "dev": true,
      "requires": {
        "pouchdb-binary-utils": "7.2.1",
        "spark-md5": "3.0.0"
      }
    },
    "pouchdb-merge": {
      "version": "7.2.1",
      "resolved": "https://registry.npmjs.org/pouchdb-merge/-/pouchdb-merge-7.2.1.tgz",
      "integrity": "sha512-TgxXPw1sZERwihoWSzLIdvn5MP1YKhYNaB0UuvYjboK+WUpCLh5WEeNTJi6WwUD9Yoc66QxP9D3qmfNEjd1BHQ==",
      "dev": true
    },
    "pouchdb-selector-core": {
      "version": "7.2.1",
      "resolved": "https://registry.npmjs.org/pouchdb-selector-core/-/pouchdb-selector-core-7.2.1.tgz",
      "integrity": "sha512-omD/dSQIQjS0SIBCKJiACeoaPjJek+iDvQEUoTd51SjQR9aRGdKxkEO0+9qN1DJcf+mL4T/eSYYjqdeRwJ4L1A==",
      "dev": true,
      "requires": {
        "pouchdb-collate": "7.2.1",
        "pouchdb-utils": "7.2.1"
      }
    },
    "pouchdb-utils": {
      "version": "7.2.1",
      "resolved": "https://registry.npmjs.org/pouchdb-utils/-/pouchdb-utils-7.2.1.tgz",
      "integrity": "sha512-ZInfRpKtJ2HwLz2Dv3NEona9khvGud0rWzvQGwUs1zoaOoSB5XxK3ui5s5fLpBrONgz0WcTB49msOUq4oAUzFg==",
      "dev": true,
      "requires": {
        "argsarray": "0.0.1",
        "clone-buffer": "1.0.0",
        "immediate": "3.0.6",
        "inherits": "2.0.4",
        "pouchdb-collections": "7.2.1",
        "pouchdb-errors": "7.2.1",
        "pouchdb-md5": "7.2.1",
        "uuid": "3.3.3"
      },
      "dependencies": {
        "uuid": {
          "version": "3.3.3",
          "resolved": "https://registry.npmjs.org/uuid/-/uuid-3.3.3.tgz",
          "integrity": "sha512-pW0No1RGHgzlpHJO1nsVrHKpOEIxkGg1xB+v0ZmdNH5OAeAwzAVrCnI2/6Mtx+Uys6iaylxa+D3g4j63IKKjSQ==",
          "dev": true
        }
      }
    },
    "prettier": {
      "version": "2.0.5",
      "resolved": "https://registry.npmjs.org/prettier/-/prettier-2.0.5.tgz",
      "integrity": "sha512-7PtVymN48hGcO4fGjybyBSIWDsLU4H4XlvOHfq91pz9kkGlonzwTfYkaIEwiRg/dAJF9YlbsduBAgtYLi+8cFg==",
      "dev": true
    },
    "psl": {
      "version": "1.8.0",
      "resolved": "https://registry.npmjs.org/psl/-/psl-1.8.0.tgz",
      "integrity": "sha512-RIdOzyoavK+hA18OGGWDqUTsCLhtA7IcZ/6NCs4fFJaHBDab+pDDmDIByWFRQJq2Cd7r1OoQxBGKOaztq+hjIQ==",
      "dev": true
    },
    "punycode": {
      "version": "2.1.1",
      "resolved": "https://registry.npmjs.org/punycode/-/punycode-2.1.1.tgz",
      "integrity": "sha512-XRsRjdf+j5ml+y/6GKHPZbrF/8p2Yga0JPtdqTIY2Xe5ohJPD9saDJJLPvp9+NSBprVvevdXZybnj2cv8OEd0A==",
      "dev": true
    },
    "spark-md5": {
      "version": "3.0.0",
      "resolved": "https://registry.npmjs.org/spark-md5/-/spark-md5-3.0.0.tgz",
      "integrity": "sha1-NyIifFTi+vJLHcbZM8wUTm9xv+8=",
      "dev": true
    },
    "tough-cookie": {
      "version": "2.5.0",
      "resolved": "https://registry.npmjs.org/tough-cookie/-/tough-cookie-2.5.0.tgz",
      "integrity": "sha512-nlLsUzgm1kfLXSXfRZMc1KLAugd4hqJHDTvc2hDIwS3mZAfMEuMbc03SujMF+GEcpaX/qboeycw6iO8JwVv2+g==",
      "dev": true,
      "requires": {
        "psl": "^1.1.28",
        "punycode": "^2.1.1"
      }
    },
    "typescript": {
      "version": "3.9.5",
      "resolved": "https://registry.npmjs.org/typescript/-/typescript-3.9.5.tgz",
      "integrity": "sha512-hSAifV3k+i6lEoCJ2k6R2Z/rp/H3+8sdmcn5NrS3/3kE7+RyZXm9aqvxWqjEXHAd8b0pShatpcdMTvEdvAJltQ==",
      "dev": true
    },
    "uuid": {
      "version": "8.1.0",
      "resolved": "https://registry.npmjs.org/uuid/-/uuid-8.1.0.tgz",
      "integrity": "sha512-CI18flHDznR0lq54xBycOVmphdCYnQLKn8abKn7PXUiKUGdEd+/l9LWNJmugXel4hXq7S+RMNl34ecyC9TntWg=="
    }
  }
}
